
Microsoft Visual Studio Solution File, Format Version 12.00
# Visual Studio Version 17
VisualStudioVersion = 17.14.36310.24 d17.14
MinimumVisualStudioVersion = 10.0.40219.1
Project("{FAE04EC0-301F-11D3-BF4B-00C04F79EFBC}") = "Scalefocus HobbyAPI Database", "Scalefocus HobbyAPI Database\Scalefocus HobbyAPI Database.csproj", "{CEA293C5-3ADE-47BF-87B8-58036F40B113}"
EndProject
Global
	GlobalSection(SolutionConfigurationPlatforms) = preSolution
		Debug|Any CPU = Debug|Any CPU
		Release|Any CPU = Release|Any CPU
	EndGlobalSection
	GlobalSection(ProjectConfigurationPlatforms) = postSolution
		{CEA293C5-3ADE-47BF-87B8-58036F40B113}.Debug|Any CPU.ActiveCfg = Debug|Any CPU
		{CEA293C5-3ADE-47BF-87B8-58036F40B113}.Debug|Any CPU.Build.0 = Debug|Any CPU
		{CEA293C5-3ADE-47BF-87B8-58036F40B113}.Release|Any CPU.ActiveCfg = Release|Any CPU
		{CEA293C5-3ADE-47BF-87B8-58036F40B113}.Release|Any CPU.Build.0 = Release|Any CPU
	EndGlobalSection
	GlobalSection(SolutionProperties) = preSolution
		HideSolutionNode = FALSE
	EndGlobalSection
	GlobalSection(ExtensibilityGlobals) = postSolution
		SolutionGuid = {69C59C11-7FF7-4B67-803E-D63429D635D5}
	EndGlobalSection
EndGlobal
